
Microsoft Visual Studio Solution File, Format Version 12.00
# Visual Studio Version 16
VisualStudioVersion = 16.0.29326.143
MinimumVisualStudioVersion = 10.0.40219.1
Project("{F184B08F-C81C-45F6-A57F-5ABD9991F28F}") = "TestApp", "TestApp\TestApp.vbproj", "{B7DA2577-8C77-4A90-AC66-B9B79CB660DC}"
EndProject
Global
	GlobalSection(SolutionConfigurationPlatforms) = preSolution
		Debug|Any CPU = Debug|Any CPU
		Release|Any CPU = Release|Any CPU
	EndGlobalSection
	GlobalSection(ProjectConfigurationPlatforms) = postSolution
		{B7DA2577-8C77-4A90-AC66-B9B79CB660DC}.Debug|Any CPU.ActiveCfg = Debug|Any CPU
		{B7DA2577-8C77-4A90-AC66-B9B79CB660DC}.Debug|Any CPU.Build.0 = Debug|Any CPU
		{B7DA2577-8C77-4A90-AC66-B9B79CB660DC}.Release|Any CPU.ActiveCfg = Release|Any CPU
		{B7DA2577-8C77-4A90-AC66-B9B79CB660DC}.Release|Any CPU.Build.0 = Release|Any CPU
	EndGlobalSection
	GlobalSection(SolutionProperties) = preSolution
		HideSolutionNode = FALSE
	EndGlobalSection
	GlobalSection(ExtensibilityGlobals) = postSolution
		SolutionGuid = {BABB02EA-8610-4096-B7EA-DE41A2112706}
	EndGlobalSection
EndGlobal
