
Microsoft Visual Studio Solution File, Format Version 12.00
# Visual Studio Version 16
VisualStudioVersion = 16.0.29326.143
MinimumVisualStudioVersion = 10.0.40219.1
Project("{F184B08F-C81C-45F6-A57F-5ABD9991F28F}") = "PMBasicWindowsClients", "PMBasicWindowsClients\PMBasicWindowsClients.vbproj", "{EDB171CB-665A-49D5-8A45-538C48AC5573}"
EndProject
Global
	GlobalSection(SolutionConfigurationPlatforms) = preSolution
		Debug|Any CPU = Debug|Any CPU
		Release|Any CPU = Release|Any CPU
	EndGlobalSection
	GlobalSection(ProjectConfigurationPlatforms) = postSolution
		{EDB171CB-665A-49D5-8A45-538C48AC5573}.Debug|Any CPU.ActiveCfg = Debug|Any CPU
		{EDB171CB-665A-49D5-8A45-538C48AC5573}.Debug|Any CPU.Build.0 = Debug|Any CPU
		{EDB171CB-665A-49D5-8A45-538C48AC5573}.Release|Any CPU.ActiveCfg = Release|Any CPU
		{EDB171CB-665A-49D5-8A45-538C48AC5573}.Release|Any CPU.Build.0 = Release|Any CPU
	EndGlobalSection
	GlobalSection(SolutionProperties) = preSolution
		HideSolutionNode = FALSE
	EndGlobalSection
	GlobalSection(ExtensibilityGlobals) = postSolution
		SolutionGuid = {C4727B6E-964F-4F8C-A366-14FA5AD21F9E}
	EndGlobalSection
EndGlobal
